
Microsoft Visual Studio Solution File, Format Version 12.00
# Visual Studio Version 17
VisualStudioVersion = 17.9.34723.18
MinimumVisualStudioVersion = 10.0.40219.1
Project("{FAE04EC0-301F-11D3-BF4B-00C04F79EFBC}") = "studentCRUD26042024", "studentCRUD26042024.csproj", "{3EDFF784-4E14-42B1-AD5E-6587602BF636}"
EndProject
Global
	GlobalSection(SolutionConfigurationPlatforms) = preSolution
		Debug|Any CPU = Debug|Any CPU
		Release|Any CPU = Release|Any CPU
	EndGlobalSection
	GlobalSection(ProjectConfigurationPlatforms) = postSolution
		{3EDFF784-4E14-42B1-AD5E-6587602BF636}.Debug|Any CPU.ActiveCfg = Debug|Any CPU
		{3EDFF784-4E14-42B1-AD5E-6587602BF636}.Debug|Any CPU.Build.0 = Debug|Any CPU
		{3EDFF784-4E14-42B1-AD5E-6587602BF636}.Release|Any CPU.ActiveCfg = Release|Any CPU
		{3EDFF784-4E14-42B1-AD5E-6587602BF636}.Release|Any CPU.Build.0 = Release|Any CPU
	EndGlobalSection
	GlobalSection(SolutionProperties) = preSolution
		HideSolutionNode = FALSE
	EndGlobalSection
	GlobalSection(ExtensibilityGlobals) = postSolution
		SolutionGuid = {245BD546-064D-4B10-8878-269E8036D59A}
	EndGlobalSection
EndGlobal
